
Microsoft Visual Studio Solution File, Format Version 12.00
# Visual Studio 15
Project("{FAE04EC0-301F-11D3-BF4B-00C04F79EFBC}") = "GmStocks.Android", "GmStocks.Android\GmStocks.Android.csproj", "{3506CC23-2705-4654-9507-5540BB2A84C9}"
EndProject
Project("{FAE04EC0-301F-11D3-BF4B-00C04F79EFBC}") = "GmStocks.iOS", "GmStocks.iOS\GmStocks.iOS.csproj", "{7DB5ADA0-641F-4D2C-AA6A-748A7DA21BF5}"
EndProject
Project("{FAE04EC0-301F-11D3-BF4B-00C04F79EFBC}") = "GmStocks", "GmStocks\GmStocks.csproj", "{B31B9FD0-3898-4185-A092-0688F58813D1}"
EndProject
Global
	GlobalSection(SolutionConfigurationPlatforms) = preSolution
		Debug|Any CPU = Debug|Any CPU
		Release|Any CPU = Release|Any CPU
		Debug|iPhoneSimulator = Debug|iPhoneSimulator
		Release|iPhoneSimulator = Release|iPhoneSimulator
		Debug|iPhone = Debug|iPhone
		Release|iPhone = Release|iPhone
	EndGlobalSection
	GlobalSection(ProjectConfigurationPlatforms) = postSolution
		{3506CC23-2705-4654-9507-5540BB2A84C9}.Debug|Any CPU.ActiveCfg = Debug|Any CPU
		{3506CC23-2705-4654-9507-5540BB2A84C9}.Debug|Any CPU.Build.0 = Debug|Any CPU
		{3506CC23-2705-4654-9507-5540BB2A84C9}.Release|Any CPU.ActiveCfg = Release|Any CPU
		{3506CC23-2705-4654-9507-5540BB2A84C9}.Release|Any CPU.Build.0 = Release|Any CPU
		{3506CC23-2705-4654-9507-5540BB2A84C9}.Debug|iPhoneSimulator.ActiveCfg = Debug|Any CPU
		{3506CC23-2705-4654-9507-5540BB2A84C9}.Debug|iPhoneSimulator.Build.0 = Debug|Any CPU
		{3506CC23-2705-4654-9507-5540BB2A84C9}.Release|iPhoneSimulator.ActiveCfg = Release|Any CPU
		{3506CC23-2705-4654-9507-5540BB2A84C9}.Release|iPhoneSimulator.Build.0 = Release|Any CPU
		{3506CC23-2705-4654-9507-5540BB2A84C9}.Debug|iPhone.ActiveCfg = Debug|Any CPU
		{3506CC23-2705-4654-9507-5540BB2A84C9}.Debug|iPhone.Build.0 = Debug|Any CPU
		{3506CC23-2705-4654-9507-5540BB2A84C9}.Release|iPhone.ActiveCfg = Release|Any CPU
		{3506CC23-2705-4654-9507-5540BB2A84C9}.Release|iPhone.Build.0 = Release|Any CPU
		{7DB5ADA0-641F-4D2C-AA6A-748A7DA21BF5}.Debug|Any CPU.ActiveCfg = Debug|iPhoneSimulator
		{7DB5ADA0-641F-4D2C-AA6A-748A7DA21BF5}.Debug|Any CPU.Build.0 = Debug|iPhoneSimulator
		{7DB5ADA0-641F-4D2C-AA6A-748A7DA21BF5}.Release|Any CPU.ActiveCfg = Release|iPhoneSimulator
		{7DB5ADA0-641F-4D2C-AA6A-748A7DA21BF5}.Release|Any CPU.Build.0 = Release|iPhoneSimulator
		{7DB5ADA0-641F-4D2C-AA6A-748A7DA21BF5}.Debug|iPhoneSimulator.ActiveCfg = Debug|iPhoneSimulator
		{7DB5ADA0-641F-4D2C-AA6A-748A7DA21BF5}.Debug|iPhoneSimulator.Build.0 = Debug|iPhoneSimulator
		{7DB5ADA0-641F-4D2C-AA6A-748A7DA21BF5}.Release|iPhoneSimulator.ActiveCfg = Release|iPhoneSimulator
		{7DB5ADA0-641F-4D2C-AA6A-748A7DA21BF5}.Release|iPhoneSimulator.Build.0 = Release|iPhoneSimulator
		{7DB5ADA0-641F-4D2C-AA6A-748A7DA21BF5}.Debug|iPhone.ActiveCfg = Debug|iPhone
		{7DB5ADA0-641F-4D2C-AA6A-748A7DA21BF5}.Debug|iPhone.Build.0 = Debug|iPhone
		{7DB5ADA0-641F-4D2C-AA6A-748A7DA21BF5}.Release|iPhone.ActiveCfg = Release|iPhone
		{7DB5ADA0-641F-4D2C-AA6A-748A7DA21BF5}.Release|iPhone.Build.0 = Release|iPhone
		{B31B9FD0-3898-4185-A092-0688F58813D1}.Debug|Any CPU.ActiveCfg = Debug|Any CPU
		{B31B9FD0-3898-4185-A092-0688F58813D1}.Debug|Any CPU.Build.0 = Debug|Any CPU
		{B31B9FD0-3898-4185-A092-0688F58813D1}.Release|Any CPU.ActiveCfg = Release|Any CPU
		{B31B9FD0-3898-4185-A092-0688F58813D1}.Release|Any CPU.Build.0 = Release|Any CPU
		{B31B9FD0-3898-4185-A092-0688F58813D1}.Debug|iPhoneSimulator.ActiveCfg = Debug|Any CPU
		{B31B9FD0-3898-4185-A092-0688F58813D1}.Debug|iPhoneSimulator.Build.0 = Debug|Any CPU
		{B31B9FD0-3898-4185-A092-0688F58813D1}.Release|iPhoneSimulator.ActiveCfg = Release|Any CPU
		{B31B9FD0-3898-4185-A092-0688F58813D1}.Release|iPhoneSimulator.Build.0 = Release|Any CPU
		{B31B9FD0-3898-4185-A092-0688F58813D1}.Debug|iPhone.ActiveCfg = Debug|Any CPU
		{B31B9FD0-3898-4185-A092-0688F58813D1}.Debug|iPhone.Build.0 = Debug|Any CPU
		{B31B9FD0-3898-4185-A092-0688F58813D1}.Release|iPhone.ActiveCfg = Release|Any CPU
		{B31B9FD0-3898-4185-A092-0688F58813D1}.Release|iPhone.Build.0 = Release|Any CPU
	EndGlobalSection
EndGlobal
